
Microsoft Visual Studio Solution File, Format Version 12.00
# Visual Studio Version 16
VisualStudioVersion = 16.0.30011.22
MinimumVisualStudioVersion = 10.0.40219.1
Project("{FAE04EC0-301F-11D3-BF4B-00C04F79EFBC}") = "OdeToFood.Web", "OdeToFood.Web\OdeToFood.Web.csproj", "{E796787A-1BE4-4405-8E4C-653A11D314ED}"
EndProject
Project("{FAE04EC0-301F-11D3-BF4B-00C04F79EFBC}") = "OdeToFood.Data", "OdeToFood.Data\OdeToFood.Data.csproj", "{89C11BA9-0606-473B-906E-2BF73B20B5F7}"
EndProject
Global
	GlobalSection(SolutionConfigurationPlatforms) = preSolution
		Debug|Any CPU = Debug|Any CPU
		Release|Any CPU = Release|Any CPU
	EndGlobalSection
	GlobalSection(ProjectConfigurationPlatforms) = postSolution
		{E796787A-1BE4-4405-8E4C-653A11D314ED}.Debug|Any CPU.ActiveCfg = Debug|Any CPU
		{E796787A-1BE4-4405-8E4C-653A11D314ED}.Debug|Any CPU.Build.0 = Debug|Any CPU
		{E796787A-1BE4-4405-8E4C-653A11D314ED}.Release|Any CPU.ActiveCfg = Release|Any CPU
		{E796787A-1BE4-4405-8E4C-653A11D314ED}.Release|Any CPU.Build.0 = Release|Any CPU
		{89C11BA9-0606-473B-906E-2BF73B20B5F7}.Debug|Any CPU.ActiveCfg = Debug|Any CPU
		{89C11BA9-0606-473B-906E-2BF73B20B5F7}.Debug|Any CPU.Build.0 = Debug|Any CPU
		{89C11BA9-0606-473B-906E-2BF73B20B5F7}.Release|Any CPU.ActiveCfg = Release|Any CPU
		{89C11BA9-0606-473B-906E-2BF73B20B5F7}.Release|Any CPU.Build.0 = Release|Any CPU
	EndGlobalSection
	GlobalSection(SolutionProperties) = preSolution
		HideSolutionNode = FALSE
	EndGlobalSection
	GlobalSection(ExtensibilityGlobals) = postSolution
		SolutionGuid = {FE9E1CAD-86E1-463A-AC52-1F9954679685}
	EndGlobalSection
EndGlobal
